
Microsoft Visual Studio Solution File, Format Version 12.00
# Visual Studio Version 16
VisualStudioVersion = 16.0.30804.86
MinimumVisualStudioVersion = 10.0.40219.1
Project("{FAE04EC0-301F-11D3-BF4B-00C04F79EFBC}") = "OBS Websockets", "OBS Websockets\OBS Websockets.csproj", "{6A1CFD71-AF17-4C1F-B264-9829051310C9}"
EndProject
Global
	GlobalSection(SolutionConfigurationPlatforms) = preSolution
		Debug|Any CPU = Debug|Any CPU
		Release|Any CPU = Release|Any CPU
	EndGlobalSection
	GlobalSection(ProjectConfigurationPlatforms) = postSolution
		{6A1CFD71-AF17-4C1F-B264-9829051310C9}.Debug|Any CPU.ActiveCfg = Debug|Any CPU
		{6A1CFD71-AF17-4C1F-B264-9829051310C9}.Debug|Any CPU.Build.0 = Debug|Any CPU
		{6A1CFD71-AF17-4C1F-B264-9829051310C9}.Release|Any CPU.ActiveCfg = Release|Any CPU
		{6A1CFD71-AF17-4C1F-B264-9829051310C9}.Release|Any CPU.Build.0 = Release|Any CPU
	EndGlobalSection
	GlobalSection(SolutionProperties) = preSolution
		HideSolutionNode = FALSE
	EndGlobalSection
	GlobalSection(ExtensibilityGlobals) = postSolution
		SolutionGuid = {5C805723-C35A-4432-B36B-884CA0D9AC5E}
	EndGlobalSection
EndGlobal
